// !$*UTF8*$!
{
	archiveVersion = 1;
	classes = {
	};
	objectVersion = 50;
	objects = {

/* Begin PBXBuildFile section */
		F91F5FAA20FAAA4F000AB56E /* AppDelegate.swift in Sources */ = {isa = PBXBuildFile; fileRef = F91F5FA920FAAA4F000AB56E /* AppDelegate.swift */; };
		F91F5FAE20FAAA50000AB56E /* Assets.xcassets in Resources */ = {isa = PBXBuildFile; fileRef = F91F5FAD20FAAA50000AB56E /* Assets.xcassets */; };
		F91F5FB120FAAA50000AB56E /* Main.storyboard in Resources */ = {isa = PBXBuildFile; fileRef = F91F5FAF20FAAA50000AB56E /* Main.storyboard */; };
		F91F5FBA20FAAE88000AB56E /* CardViewController.swift in Sources */ = {isa = PBXBuildFile; fileRef = F91F5FB920FAAE88000AB56E /* CardViewController.swift */; };
		F91F5FBC20FBE62B000AB56E /* EventMonitor.swift in Sources */ = {isa = PBXBuildFile; fileRef = F91F5FBB20FBE62B000AB56E /* EventMonitor.swift */; };
		F91F5FC120FBED31000AB56E /* CardPresenter.swift in Sources */ = {isa = PBXBuildFile; fileRef = F91F5FC020FBED31000AB56E /* CardPresenter.swift */; };
		F91F5FC320FBFFC6000AB56E /* CardConfigurator.swift in Sources */ = {isa = PBXBuildFile; fileRef = F91F5FC220FBFFC6000AB56E /* CardConfigurator.swift */; };
		F91F5FC52105254E000AB56E /* CardView.swift in Sources */ = {isa = PBXBuildFile; fileRef = F91F5FC42105254E000AB56E /* CardView.swift */; };
/* End PBXBuildFile section */

/* Begin PBXFileReference section */
		F91F5FA620FAAA4F000AB56E /* MyTrelloCard.app */ = {isa = PBXFileReference; explicitFileType = wrapper.application; includeInIndex = 0; path = MyTrelloCard.app; sourceTree = BUILT_PRODUCTS_DIR; };
		F91F5FA920FAAA4F000AB56E /* AppDelegate.swift */ = {isa = PBXFileReference; lastKnownFileType = sourcecode.swift; path = AppDelegate.swift; sourceTree = "<group>"; };
		F91F5FAD20FAAA50000AB56E /* Assets.xcassets */ = {isa = PBXFileReference; lastKnownFileType = folder.assetcatalog; path = Assets.xcassets; sourceTree = "<group>"; };
		F91F5FB020FAAA50000AB56E /* Base */ = {isa = PBXFileReference; lastKnownFileType = file.storyboard; name = Base; path = Base.lproj/Main.storyboard; sourceTree = "<group>"; };
		F91F5FB220FAAA50000AB56E /* Info.plist */ = {isa = PBXFileReference; lastKnownFileType = text.plist.xml; path = Info.plist; sourceTree = "<group>"; };
		F91F5FB320FAAA50000AB56E /* MyTrelloCard.entitlements */ = {isa = PBXFileReference; lastKnownFileType = text.plist.entitlements; path = MyTrelloCard.entitlements; sourceTree = "<group>"; };
		F91F5FB920FAAE88000AB56E /* CardViewController.swift */ = {isa = PBXFileReference; lastKnownFileType = sourcecode.swift; path = CardViewController.swift; sourceTree = "<group>"; };
		F91F5FBB20FBE62B000AB56E /* EventMonitor.swift */ = {isa = PBXFileReference; lastKnownFileType = sourcecode.swift; path = EventMonitor.swift; sourceTree = "<group>"; };
		F91F5FC020FBED31000AB56E /* CardPresenter.swift */ = {isa = PBXFileReference; lastKnownFileType = sourcecode.swift; path = CardPresenter.swift; sourceTree = "<group>"; };
		F91F5FC220FBFFC6000AB56E /* CardConfigurator.swift */ = {isa = PBXFileReference; lastKnownFileType = sourcecode.swift; path = CardConfigurator.swift; sourceTree = "<group>"; };
		F91F5FC42105254E000AB56E /* CardView.swift */ = {isa = PBXFileReference; lastKnownFileType = sourcecode.swift; path = CardView.swift; sourceTree = "<group>"; };
/* End PBXFileReference section */

/* Begin PBXFrameworksBuildPhase section */
		F91F5FA320FAAA4F000AB56E /* Frameworks */ = {
			isa = PBXFrameworksBuildPhase;
			buildActionMask = 2147483647;
			files = (
			);
			runOnlyForDeploymentPostprocessing = 0;
		};
/* End PBXFrameworksBuildPhase section */

/* Begin PBXGroup section */
		F91F5F9D20FAAA4F000AB56E = {
			isa = PBXGroup;
			children = (
				F91F5FA820FAAA4F000AB56E /* MyTrelloCard */,
				F91F5FA720FAAA4F000AB56E /* Products */,
			);
			sourceTree = "<group>";
		};
		F91F5FA720FAAA4F000AB56E /* Products */ = {
			isa = PBXGroup;
			children = (
				F91F5FA620FAAA4F000AB56E /* MyTrelloCard.app */,
			);
			name = Products;
			sourceTree = "<group>";
		};
		F91F5FA820FAAA4F000AB56E /* MyTrelloCard */ = {
			isa = PBXGroup;
			children = (
				F91F5FBF20FBE8E3000AB56E /* Data */,
				F91F5FBE20FBE8DB000AB56E /* Domain */,
				F91F5FBD20FBE8CE000AB56E /* Presentation */,
				F91F5FA920FAAA4F000AB56E /* AppDelegate.swift */,
				F91F5FAD20FAAA50000AB56E /* Assets.xcassets */,
				F91F5FB220FAAA50000AB56E /* Info.plist */,
				F91F5FB320FAAA50000AB56E /* MyTrelloCard.entitlements */,
			);
			path = MyTrelloCard;
			sourceTree = "<group>";
		};
		F91F5FBD20FBE8CE000AB56E /* Presentation */ = {
			isa = PBXGroup;
			children = (
				F91F5FAF20FAAA50000AB56E /* Main.storyboard */,
				F91F5FBB20FBE62B000AB56E /* EventMonitor.swift */,
				F91F5FB920FAAE88000AB56E /* CardViewController.swift */,
				F91F5FC020FBED31000AB56E /* CardPresenter.swift */,
				F91F5FC220FBFFC6000AB56E /* CardConfigurator.swift */,
				F91F5FC42105254E000AB56E /* CardView.swift */,
			);
			path = Presentation;
			sourceTree = "<group>";
		};
		F91F5FBE20FBE8DB000AB56E /* Domain */ = {
			isa = PBXGroup;
			children = (
			);
			path = Domain;
			sourceTree = "<group>";
		};
		F91F5FBF20FBE8E3000AB56E /* Data */ = {
			isa = PBXGroup;
			children = (
			);
			path = Data;
			sourceTree = "<group>";
		};
/* End PBXGroup section */

/* Begin PBXNativeTarget section */
		F91F5FA520FAAA4F000AB56E /* MyTrelloCard */ = {
			isa = PBXNativeTarget;
			buildConfigurationList = F91F5FB620FAAA50000AB56E /* Build configuration list for PBXNativeTarget "MyTrelloCard" */;
			buildPhases = (
				F91F5FA220FAAA4F000AB56E /* Sources */,
				F91F5FA320FAAA4F000AB56E /* Frameworks */,
				F91F5FA420FAAA4F000AB56E /* Resources */,
			);
			buildRules = (
			);
			dependencies = (
			);
			name = MyTrelloCard;
			productName = MyTrelloCard;
			productReference = F91F5FA620FAAA4F000AB56E /* MyTrelloCard.app */;
			productType = "com.apple.product-type.application";
		};
/* End PBXNativeTarget section */

/* Begin PBXProject section */
		F91F5F9E20FAAA4F000AB56E /* Project object */ = {
			isa = PBXProject;
			attributes = {
				LastSwiftUpdateCheck = 0940;
				LastUpgradeCheck = 0940;
				ORGANIZATIONNAME = "Aleix Balletbó";
				TargetAttributes = {
					F91F5FA520FAAA4F000AB56E = {
						CreatedOnToolsVersion = 9.4.1;
					};
				};
			};
			buildConfigurationList = F91F5FA120FAAA4F000AB56E /* Build configuration list for PBXProject "MyTrelloCard" */;
			compatibilityVersion = "Xcode 9.3";
			developmentRegion = en;
			hasScannedForEncodings = 0;
			knownRegions = (
				en,
				Base,
			);
			mainGroup = F91F5F9D20FAAA4F000AB56E;
			productRefGroup = F91F5FA720FAAA4F000AB56E /* Products */;
			projectDirPath = "";
			projectRoot = "";
			targets = (
				F91F5FA520FAAA4F000AB56E /* MyTrelloCard */,
			);
		};
/* End PBXProject section */

/* Begin PBXResourcesBuildPhase section */
		F91F5FA420FAAA4F000AB56E /* Resources */ = {
			isa = PBXResourcesBuildPhase;
			buildActionMask = 2147483647;
			files = (
				F91F5FAE20FAAA50000AB56E /* Assets.xcassets in Resources */,
				F91F5FB120FAAA50000AB56E /* Main.storyboard in Resources */,
			);
			runOnlyForDeploymentPostprocessing = 0;
		};
/* End PBXResourcesBuildPhase section */

/* Begin PBXSourcesBuildPhase section */
		F91F5FA220FAAA4F000AB56E /* Sources */ = {
			isa = PBXSourcesBuildPhase;
			buildActionMask = 2147483647;
			files = (
				F91F5FC320FBFFC6000AB56E /* CardConfigurator.swift in Sources */,
				F91F5FC120FBED31000AB56E /* CardPresenter.swift in Sources */,
				F91F5FBC20FBE62B000AB56E /* EventMonitor.swift in Sources */,
				F91F5FAA20FAAA4F000AB56E /* AppDelegate.swift in Sources */,
				F91F5FC52105254E000AB56E /* CardView.swift in Sources */,
				F91F5FBA20FAAE88000AB56E /* CardViewController.swift in Sources */,
			);
			runOnlyForDeploymentPostprocessing = 0;
		};
/* End PBXSourcesBuildPhase section */

/* Begin PBXVariantGroup section */
		F91F5FAF20FAAA50000AB56E /* Main.storyboard */ = {
			isa = PBXVariantGroup;
			children = (
				F91F5FB020FAAA50000AB56E /* Base */,
			);
			name = Main.storyboard;
			sourceTree = "<group>";
		};
/* End PBXVariantGroup section */

/* Begin XCBuildConfiguration section */
		F91F5FB420FAAA50000AB56E /* Debug */ = {
			isa = XCBuildConfiguration;
			buildSettings = {
				ALWAYS_SEARCH_USER_PATHS = NO;
				CLANG_ANALYZER_NONNULL = YES;
				CLANG_ANALYZER_NUMBER_OBJECT_CONVERSION = YES_AGGRESSIVE;
				CLANG_CXX_LANGUAGE_STANDARD = "gnu++14";
				CLANG_CXX_LIBRARY = "libc++";
				CLANG_ENABLE_MODULES = YES;
				CLANG_ENABLE_OBJC_ARC = YES;
				CLANG_ENABLE_OBJC_WEAK = YES;
				CLANG_WARN_BLOCK_CAPTURE_AUTORELEASING = YES;
				CLANG_WARN_BOOL_CONVERSION = YES;
				CLANG_WARN_COMMA = YES;
				CLANG_WARN_CONSTANT_CONVERSION = YES;
				CLANG_WARN_DEPRECATED_OBJC_IMPLEMENTATIONS = YES;
				CLANG_WARN_DIRECT_OBJC_ISA_USAGE = YES_ERROR;
				CLANG_WARN_DOCUMENTATION_COMMENTS = YES;
				CLANG_WARN_EMPTY_BODY = YES;
				CLANG_WARN_ENUM_CONVERSION = YES;
				CLANG_WARN_INFINITE_RECURSION = YES;
				CLANG_WARN_INT_CONVERSION = YES;
				CLANG_WARN_NON_LITERAL_NULL_CONVERSION = YES;
				CLANG_WARN_OBJC_IMPLICIT_RETAIN_SELF = YES;
				CLANG_WARN_OBJC_LITERAL_CONVERSION = YES;
				CLANG_WARN_OBJC_ROOT_CLASS = YES_ERROR;
				CLANG_WARN_RANGE_LOOP_ANALYSIS = YES;
				CLANG_WARN_STRICT_PROTOTYPES = YES;
				CLANG_WARN_SUSPICIOUS_MOVE = YES;
				CLANG_WARN_UNGUARDED_AVAILABILITY = YES_AGGRESSIVE;
				CLANG_WARN_UNREACHABLE_CODE = YES;
				CLANG_WARN__DUPLICATE_METHOD_MATCH = YES;
				CODE_SIGN_IDENTITY = "Mac Developer";
				COPY_PHASE_STRIP = NO;
				DEBUG_INFORMATION_FORMAT = dwarf;
				ENABLE_STRICT_OBJC_MSGSEND = YES;
				ENABLE_TESTABILITY = YES;
				GCC_C_LANGUAGE_STANDARD = gnu11;
				GCC_DYNAMIC_NO_PIC = NO;
				GCC_NO_COMMON_BLOCKS = YES;
				GCC_OPTIMIZATION_LEVEL = 0;
				GCC_PREPROCESSOR_DEFINITIONS = (
					"DEBUG=1",
					"$(inherited)",
				);
				GCC_WARN_64_TO_32_BIT_CONVERSION = YES;
				GCC_WARN_ABOUT_RETURN_TYPE = YES_ERROR;
				GCC_WARN_UNDECLARED_SELECTOR = YES;
				GCC_WARN_UNINITIALIZED_AUTOS = YES_AGGRESSIVE;
				GCC_WARN_UNUSED_FUNCTION = YES;
				GCC_WARN_UNUSED_VARIABLE = YES;
				MACOSX_DEPLOYMENT_TARGET = 10.13;
				MTL_ENABLE_DEBUG_INFO = YES;
				ONLY_ACTIVE_ARCH = YES;
				SDKROOT = macosx;
				SWIFT_ACTIVE_COMPILATION_CONDITIONS = DEBUG;
				SWIFT_OPTIMIZATION_LEVEL = "-Onone";
			};
			name = Debug;
		};
		F91F5FB520FAAA50000AB56E /* Release */ = {
			isa = XCBuildConfiguration;
			buildSettings = {
				ALWAYS_SEARCH_USER_PATHS = NO;
				CLANG_ANALYZER_NONNULL = YES;
				CLANG_ANALYZER_NUMBER_OBJECT_CONVERSION = YES_AGGRESSIVE;
				CLANG_CXX_LANGUAGE_STANDARD = "gnu++14";
				CLANG_CXX_LIBRARY = "libc++";
				CLANG_ENABLE_MODULES = YES;
				CLANG_ENABLE_OBJC_ARC = YES;
				CLANG_ENABLE_OBJC_WEAK = YES;
				CLANG_WARN_BLOCK_CAPTURE_AUTORELEASING = YES;
				CLANG_WARN_BOOL_CONVERSION = YES;
				CLANG_WARN_COMMA = YES;
				CLANG_WARN_CONSTANT_CONVERSION = YES;
				CLANG_WARN_DEPRECATED_OBJC_IMPLEMENTATIONS = YES;
				CLANG_WARN_DIRECT_OBJC_ISA_USAGE = YES_ERROR;
				CLANG_WARN_DOCUMENTATION_COMMENTS = YES;
				CLANG_WARN_EMPTY_BODY = YES;
				CLANG_WARN_ENUM_CONVERSION = YES;
				CLANG_WARN_INFINITE_RECURSION = YES;
				CLANG_WARN_INT_CONVERSION = YES;
				CLANG_WARN_NON_LITERAL_NULL_CONVERSION = YES;
				CLANG_WARN_OBJC_IMPLICIT_RETAIN_SELF = YES;
				CLANG_WARN_OBJC_LITERAL_CONVERSION = YES;
				CLANG_WARN_OBJC_ROOT_CLASS = YES_ERROR;
				CLANG_WARN_RANGE_LOOP_ANALYSIS = YES;
				CLANG_WARN_STRICT_PROTOTYPES = YES;
				CLANG_WARN_SUSPICIOUS_MOVE = YES;
				CLANG_WARN_UNGUARDED_AVAILABILITY = YES_AGGRESSIVE;
				CLANG_WARN_UNREACHABLE_CODE = YES;
				CLANG_WARN__DUPLICATE_METHOD_MATCH = YES;
				CODE_SIGN_IDENTITY = "Mac Developer";
				COPY_PHASE_STRIP = NO;
				DEBUG_INFORMATION_FORMAT = "dwarf-with-dsym";
				ENABLE_NS_ASSERTIONS = NO;
				ENABLE_STRICT_OBJC_MSGSEND = YES;
				GCC_C_LANGUAGE_STANDARD = gnu11;
				GCC_NO_COMMON_BLOCKS = YES;
				GCC_WARN_64_TO_32_BIT_CONVERSION = YES;
				GCC_WARN_ABOUT_RETURN_TYPE = YES_ERROR;
				GCC_WARN_UNDECLARED_SELECTOR = YES;
				GCC_WARN_UNINITIALIZED_AUTOS = YES_AGGRESSIVE;
				GCC_WARN_UNUSED_FUNCTION = YES;
				GCC_WARN_UNUSED_VARIABLE = YES;
				MACOSX_DEPLOYMENT_TARGET = 10.13;
				MTL_ENABLE_DEBUG_INFO = NO;
				SDKROOT = macosx;
				SWIFT_COMPILATION_MODE = wholemodule;
				SWIFT_OPTIMIZATION_LEVEL = "-O";
			};
			name = Release;
		};
		F91F5FB720FAAA50000AB56E /* Debug */ = {
			isa = XCBuildConfiguration;
			buildSettings = {
				ASSETCATALOG_COMPILER_APPICON_NAME = AppIcon;
				CODE_SIGN_ENTITLEMENTS = MyTrelloCard/MyTrelloCard.entitlements;
				CODE_SIGN_STYLE = Automatic;
				COMBINE_HIDPI_IMAGES = YES;
				DEVELOPMENT_TEAM = XS5T22V8E4;
				INFOPLIST_FILE = MyTrelloCard/Info.plist;
				LD_RUNPATH_SEARCH_PATHS = (
					"$(inherited)",
					"@executable_path/../Frameworks",
				);
				PRODUCT_BUNDLE_IDENTIFIER = com.aleixballetbo.MyTrelloCard;
				PRODUCT_NAME = "$(TARGET_NAME)";
				SWIFT_VERSION = 4.0;
			};
			name = Debug;
		};
		F91F5FB820FAAA50000AB56E /* Release */ = {
			isa = XCBuildConfiguration;
			buildSettings = {
				ASSETCATALOG_COMPILER_APPICON_NAME = AppIcon;
				CODE_SIGN_ENTITLEMENTS = MyTrelloCard/MyTrelloCard.entitlements;
				CODE_SIGN_STYLE = Automatic;
				COMBINE_HIDPI_IMAGES = YES;
				DEVELOPMENT_TEAM = XS5T22V8E4;
				INFOPLIST_FILE = MyTrelloCard/Info.plist;
				LD_RUNPATH_SEARCH_PATHS = (
					"$(inherited)",
					"@executable_path/../Frameworks",
				);
				PRODUCT_BUNDLE_IDENTIFIER = com.aleixballetbo.MyTrelloCard;
				PRODUCT_NAME = "$(TARGET_NAME)";
				SWIFT_VERSION = 4.0;
			};
			name = Release;
		};
/* End XCBuildConfiguration section */

/* Begin XCConfigurationList section */
		F91F5FA120FAAA4F000AB56E /* Build configuration list for PBXProject "MyTrelloCard" */ = {
			isa = XCConfigurationList;
			buildConfigurations = (
				F91F5FB420FAAA50000AB56E /* Debug */,
				F91F5FB520FAAA50000AB56E /* Release */,
			);
			defaultConfigurationIsVisible = 0;
			defaultConfigurationName = Release;
		};
		F91F5FB620FAAA50000AB56E /* Build configuration list for PBXNativeTarget "MyTrelloCard" */ = {
			isa = XCConfigurationList;
			buildConfigurations = (
				F91F5FB720FAAA50000AB56E /* Debug */,
				F91F5FB820FAAA50000AB56E /* Release */,
			);
			defaultConfigurationIsVisible = 0;
			defaultConfigurationName = Release;
		};
/* End XCConfigurationList section */
	};
	rootObject = F91F5F9E20FAAA4F000AB56E /* Project object */;
}
