// !$*UTF8*$!
{
	archiveVersion = 1;
	classes = {
	};
	objectVersion = 50;
	objects = {

/* Begin PBXBuildFile section */
		049F8659210BC243002CE238 /* Secret.plist in Resources */ = {isa = PBXBuildFile; fileRef = 049F8658210BC243002CE238 /* Secret.plist */; };
		049F865C210BC594002CE238 /* Secret.swift in Sources */ = {isa = PBXBuildFile; fileRef = 049F865B210BC594002CE238 /* Secret.swift */; };
		049F865E210CBAAC002CE238 /* List.swift in Sources */ = {isa = PBXBuildFile; fileRef = 049F865D210CBAAC002CE238 /* List.swift */; };
		049F8660210CBD07002CE238 /* ListsGateway.swift in Sources */ = {isa = PBXBuildFile; fileRef = 049F865F210CBD07002CE238 /* ListsGateway.swift */; };
		049F8664210CC215002CE238 /* GetLists.swift in Sources */ = {isa = PBXBuildFile; fileRef = 049F8663210CC215002CE238 /* GetLists.swift */; };
		049F8666210CC38C002CE238 /* GetListsApiRequest.swift in Sources */ = {isa = PBXBuildFile; fileRef = 049F8665210CC38C002CE238 /* GetListsApiRequest.swift */; };
		049F8668210CC509002CE238 /* APIList.swift in Sources */ = {isa = PBXBuildFile; fileRef = 049F8667210CC509002CE238 /* APIList.swift */; };
		049F866A210CC553002CE238 /* ApiListsGateway.swift in Sources */ = {isa = PBXBuildFile; fileRef = 049F8669210CC553002CE238 /* ApiListsGateway.swift */; };
		049F866C210E1643002CE238 /* Card.swift in Sources */ = {isa = PBXBuildFile; fileRef = 049F866B210E1643002CE238 /* Card.swift */; };
		049F866E210E1682002CE238 /* GetFirstCard.swift in Sources */ = {isa = PBXBuildFile; fileRef = 049F866D210E1682002CE238 /* GetFirstCard.swift */; };
		049F8670210E173A002CE238 /* CardGateway.swift in Sources */ = {isa = PBXBuildFile; fileRef = 049F866F210E173A002CE238 /* CardGateway.swift */; };
		049F8672210E1791002CE238 /* APICard.swift in Sources */ = {isa = PBXBuildFile; fileRef = 049F8671210E1791002CE238 /* APICard.swift */; };
		049F8674210E17DA002CE238 /* GetCardsApiRequest.swift in Sources */ = {isa = PBXBuildFile; fileRef = 049F8673210E17DA002CE238 /* GetCardsApiRequest.swift */; };
		049F8676210E1897002CE238 /* ApiCardGateway.swift in Sources */ = {isa = PBXBuildFile; fileRef = 049F8675210E1897002CE238 /* ApiCardGateway.swift */; };
		049F867C210FB4B0002CE238 /* CardView.xib in Resources */ = {isa = PBXBuildFile; fileRef = 049F867B210FB4B0002CE238 /* CardView.xib */; };
		049F867E210FB675002CE238 /* CardView.swift in Sources */ = {isa = PBXBuildFile; fileRef = 049F867D210FB675002CE238 /* CardView.swift */; };
		F91F5FAA20FAAA4F000AB56E /* AppDelegate.swift in Sources */ = {isa = PBXBuildFile; fileRef = F91F5FA920FAAA4F000AB56E /* AppDelegate.swift */; };
		F91F5FAE20FAAA50000AB56E /* Assets.xcassets in Resources */ = {isa = PBXBuildFile; fileRef = F91F5FAD20FAAA50000AB56E /* Assets.xcassets */; };
		F91F5FB120FAAA50000AB56E /* Main.storyboard in Resources */ = {isa = PBXBuildFile; fileRef = F91F5FAF20FAAA50000AB56E /* Main.storyboard */; };
		F91F5FBA20FAAE88000AB56E /* MainWindowViewController.swift in Sources */ = {isa = PBXBuildFile; fileRef = F91F5FB920FAAE88000AB56E /* MainWindowViewController.swift */; };
		F91F5FBC20FBE62B000AB56E /* EventMonitor.swift in Sources */ = {isa = PBXBuildFile; fileRef = F91F5FBB20FBE62B000AB56E /* EventMonitor.swift */; };
		F91F5FC120FBED31000AB56E /* MainWindowPresenter.swift in Sources */ = {isa = PBXBuildFile; fileRef = F91F5FC020FBED31000AB56E /* MainWindowPresenter.swift */; };
		F91F5FC320FBFFC6000AB56E /* MainWindowConfigurator.swift in Sources */ = {isa = PBXBuildFile; fileRef = F91F5FC220FBFFC6000AB56E /* MainWindowConfigurator.swift */; };
		F91F5FC52105254E000AB56E /* MainWindowView.swift in Sources */ = {isa = PBXBuildFile; fileRef = F91F5FC42105254E000AB56E /* MainWindowView.swift */; };
		F91F5FC8210527D3000AB56E /* Board.swift in Sources */ = {isa = PBXBuildFile; fileRef = F91F5FC7210527D3000AB56E /* Board.swift */; };
		F91F5FCB210528D2000AB56E /* Result.swift in Sources */ = {isa = PBXBuildFile; fileRef = F91F5FCA210528D2000AB56E /* Result.swift */; };
		F91F5FCD21052B9D000AB56E /* GetBoards.swift in Sources */ = {isa = PBXBuildFile; fileRef = F91F5FCC21052B9D000AB56E /* GetBoards.swift */; };
		F91F5FD3210536EE000AB56E /* BoardsGateway.swift in Sources */ = {isa = PBXBuildFile; fileRef = F91F5FD2210536EE000AB56E /* BoardsGateway.swift */; };
		F9AB868021076942002A816C /* ApiClient.swift in Sources */ = {isa = PBXBuildFile; fileRef = F9AB867F21076942002A816C /* ApiClient.swift */; };
		F9AB868221076A18002A816C /* ApiResponse.swift in Sources */ = {isa = PBXBuildFile; fileRef = F9AB868121076A18002A816C /* ApiResponse.swift */; };
		F9AB868421076A5D002A816C /* JSON.swift in Sources */ = {isa = PBXBuildFile; fileRef = F9AB868321076A5D002A816C /* JSON.swift */; };
		F9AB868621076ABE002A816C /* APIBoard.swift in Sources */ = {isa = PBXBuildFile; fileRef = F9AB868521076ABE002A816C /* APIBoard.swift */; };
		F9AB868821076F3C002A816C /* GetBoardsApiRequest.swift in Sources */ = {isa = PBXBuildFile; fileRef = F9AB868721076F3C002A816C /* GetBoardsApiRequest.swift */; };
		F9AB868A210771D4002A816C /* ApiBoardsGateway.swift in Sources */ = {isa = PBXBuildFile; fileRef = F9AB8689210771D4002A816C /* ApiBoardsGateway.swift */; };
		F9D50624210B716D006B472A /* URLWithKeyAndToken.swift in Sources */ = {isa = PBXBuildFile; fileRef = F9D50623210B716D006B472A /* URLWithKeyAndToken.swift */; };
/* End PBXBuildFile section */

/* Begin PBXFileReference section */
		049F8658210BC243002CE238 /* Secret.plist */ = {isa = PBXFileReference; lastKnownFileType = text.plist.xml; path = Secret.plist; sourceTree = "<group>"; };
		049F865B210BC594002CE238 /* Secret.swift */ = {isa = PBXFileReference; lastKnownFileType = sourcecode.swift; path = Secret.swift; sourceTree = "<group>"; };
		049F865D210CBAAC002CE238 /* List.swift */ = {isa = PBXFileReference; lastKnownFileType = sourcecode.swift; path = List.swift; sourceTree = "<group>"; };
		049F865F210CBD07002CE238 /* ListsGateway.swift */ = {isa = PBXFileReference; lastKnownFileType = sourcecode.swift; path = ListsGateway.swift; sourceTree = "<group>"; };
		049F8663210CC215002CE238 /* GetLists.swift */ = {isa = PBXFileReference; lastKnownFileType = sourcecode.swift; path = GetLists.swift; sourceTree = "<group>"; };
		049F8665210CC38C002CE238 /* GetListsApiRequest.swift */ = {isa = PBXFileReference; lastKnownFileType = sourcecode.swift; path = GetListsApiRequest.swift; sourceTree = "<group>"; };
		049F8667210CC509002CE238 /* APIList.swift */ = {isa = PBXFileReference; lastKnownFileType = sourcecode.swift; path = APIList.swift; sourceTree = "<group>"; };
		049F8669210CC553002CE238 /* ApiListsGateway.swift */ = {isa = PBXFileReference; lastKnownFileType = sourcecode.swift; path = ApiListsGateway.swift; sourceTree = "<group>"; };
		049F866B210E1643002CE238 /* Card.swift */ = {isa = PBXFileReference; lastKnownFileType = sourcecode.swift; path = Card.swift; sourceTree = "<group>"; };
		049F866D210E1682002CE238 /* GetFirstCard.swift */ = {isa = PBXFileReference; lastKnownFileType = sourcecode.swift; path = GetFirstCard.swift; sourceTree = "<group>"; };
		049F866F210E173A002CE238 /* CardGateway.swift */ = {isa = PBXFileReference; lastKnownFileType = sourcecode.swift; path = CardGateway.swift; sourceTree = "<group>"; };
		049F8671210E1791002CE238 /* APICard.swift */ = {isa = PBXFileReference; lastKnownFileType = sourcecode.swift; path = APICard.swift; sourceTree = "<group>"; };
		049F8673210E17DA002CE238 /* GetCardsApiRequest.swift */ = {isa = PBXFileReference; lastKnownFileType = sourcecode.swift; path = GetCardsApiRequest.swift; sourceTree = "<group>"; };
		049F8675210E1897002CE238 /* ApiCardGateway.swift */ = {isa = PBXFileReference; lastKnownFileType = sourcecode.swift; path = ApiCardGateway.swift; sourceTree = "<group>"; };
		049F867B210FB4B0002CE238 /* CardView.xib */ = {isa = PBXFileReference; lastKnownFileType = file.xib; path = CardView.xib; sourceTree = "<group>"; };
		049F867D210FB675002CE238 /* CardView.swift */ = {isa = PBXFileReference; lastKnownFileType = sourcecode.swift; path = CardView.swift; sourceTree = "<group>"; };
		F91F5FA620FAAA4F000AB56E /* MyTrelloCard.app */ = {isa = PBXFileReference; explicitFileType = wrapper.application; includeInIndex = 0; path = MyTrelloCard.app; sourceTree = BUILT_PRODUCTS_DIR; };
		F91F5FA920FAAA4F000AB56E /* AppDelegate.swift */ = {isa = PBXFileReference; lastKnownFileType = sourcecode.swift; path = AppDelegate.swift; sourceTree = "<group>"; };
		F91F5FAD20FAAA50000AB56E /* Assets.xcassets */ = {isa = PBXFileReference; lastKnownFileType = folder.assetcatalog; path = Assets.xcassets; sourceTree = "<group>"; };
		F91F5FB020FAAA50000AB56E /* Base */ = {isa = PBXFileReference; lastKnownFileType = file.storyboard; name = Base; path = Base.lproj/Main.storyboard; sourceTree = "<group>"; };
		F91F5FB220FAAA50000AB56E /* Info.plist */ = {isa = PBXFileReference; lastKnownFileType = text.plist.xml; path = Info.plist; sourceTree = "<group>"; };
		F91F5FB320FAAA50000AB56E /* MyTrelloCard.entitlements */ = {isa = PBXFileReference; lastKnownFileType = text.plist.entitlements; path = MyTrelloCard.entitlements; sourceTree = "<group>"; };
		F91F5FB920FAAE88000AB56E /* MainWindowViewController.swift */ = {isa = PBXFileReference; lastKnownFileType = sourcecode.swift; path = MainWindowViewController.swift; sourceTree = "<group>"; };
		F91F5FBB20FBE62B000AB56E /* EventMonitor.swift */ = {isa = PBXFileReference; lastKnownFileType = sourcecode.swift; path = EventMonitor.swift; sourceTree = "<group>"; };
		F91F5FC020FBED31000AB56E /* MainWindowPresenter.swift */ = {isa = PBXFileReference; lastKnownFileType = sourcecode.swift; path = MainWindowPresenter.swift; sourceTree = "<group>"; };
		F91F5FC220FBFFC6000AB56E /* MainWindowConfigurator.swift */ = {isa = PBXFileReference; lastKnownFileType = sourcecode.swift; path = MainWindowConfigurator.swift; sourceTree = "<group>"; };
		F91F5FC42105254E000AB56E /* MainWindowView.swift */ = {isa = PBXFileReference; lastKnownFileType = sourcecode.swift; path = MainWindowView.swift; sourceTree = "<group>"; };
		F91F5FC7210527D3000AB56E /* Board.swift */ = {isa = PBXFileReference; lastKnownFileType = sourcecode.swift; path = Board.swift; sourceTree = "<group>"; };
		F91F5FCA210528D2000AB56E /* Result.swift */ = {isa = PBXFileReference; lastKnownFileType = sourcecode.swift; path = Result.swift; sourceTree = "<group>"; };
		F91F5FCC21052B9D000AB56E /* GetBoards.swift */ = {isa = PBXFileReference; lastKnownFileType = sourcecode.swift; path = GetBoards.swift; sourceTree = "<group>"; };
		F91F5FD2210536EE000AB56E /* BoardsGateway.swift */ = {isa = PBXFileReference; lastKnownFileType = sourcecode.swift; path = BoardsGateway.swift; sourceTree = "<group>"; };
		F9AB867F21076942002A816C /* ApiClient.swift */ = {isa = PBXFileReference; lastKnownFileType = sourcecode.swift; path = ApiClient.swift; sourceTree = "<group>"; };
		F9AB868121076A18002A816C /* ApiResponse.swift */ = {isa = PBXFileReference; lastKnownFileType = sourcecode.swift; path = ApiResponse.swift; sourceTree = "<group>"; };
		F9AB868321076A5D002A816C /* JSON.swift */ = {isa = PBXFileReference; lastKnownFileType = sourcecode.swift; path = JSON.swift; sourceTree = "<group>"; };
		F9AB868521076ABE002A816C /* APIBoard.swift */ = {isa = PBXFileReference; lastKnownFileType = sourcecode.swift; path = APIBoard.swift; sourceTree = "<group>"; };
		F9AB868721076F3C002A816C /* GetBoardsApiRequest.swift */ = {isa = PBXFileReference; lastKnownFileType = sourcecode.swift; path = GetBoardsApiRequest.swift; sourceTree = "<group>"; };
		F9AB8689210771D4002A816C /* ApiBoardsGateway.swift */ = {isa = PBXFileReference; lastKnownFileType = sourcecode.swift; path = ApiBoardsGateway.swift; sourceTree = "<group>"; };
		F9D50623210B716D006B472A /* URLWithKeyAndToken.swift */ = {isa = PBXFileReference; lastKnownFileType = sourcecode.swift; path = URLWithKeyAndToken.swift; sourceTree = "<group>"; };
/* End PBXFileReference section */

/* Begin PBXFrameworksBuildPhase section */
		F91F5FA320FAAA4F000AB56E /* Frameworks */ = {
			isa = PBXFrameworksBuildPhase;
			buildActionMask = 2147483647;
			files = (
			);
			runOnlyForDeploymentPostprocessing = 0;
		};
/* End PBXFrameworksBuildPhase section */

/* Begin PBXGroup section */
		049F865A210BC57F002CE238 /* Helpers */ = {
			isa = PBXGroup;
			children = (
				049F865B210BC594002CE238 /* Secret.swift */,
			);
			path = Helpers;
			sourceTree = "<group>";
		};
		049F8679210FB478002CE238 /* MainWindow */ = {
			isa = PBXGroup;
			children = (
				F91F5FB920FAAE88000AB56E /* MainWindowViewController.swift */,
				F91F5FC020FBED31000AB56E /* MainWindowPresenter.swift */,
				F91F5FC220FBFFC6000AB56E /* MainWindowConfigurator.swift */,
				F91F5FC42105254E000AB56E /* MainWindowView.swift */,
			);
			path = MainWindow;
			sourceTree = "<group>";
		};
		049F867A210FB4A1002CE238 /* Card */ = {
			isa = PBXGroup;
			children = (
				049F867B210FB4B0002CE238 /* CardView.xib */,
				049F867D210FB675002CE238 /* CardView.swift */,
			);
			path = Card;
			sourceTree = "<group>";
		};
		F91F5F9D20FAAA4F000AB56E = {
			isa = PBXGroup;
			children = (
				F91F5FA820FAAA4F000AB56E /* MyTrelloCard */,
				F91F5FA720FAAA4F000AB56E /* Products */,
			);
			sourceTree = "<group>";
		};
		F91F5FA720FAAA4F000AB56E /* Products */ = {
			isa = PBXGroup;
			children = (
				F91F5FA620FAAA4F000AB56E /* MyTrelloCard.app */,
			);
			name = Products;
			sourceTree = "<group>";
		};
		F91F5FA820FAAA4F000AB56E /* MyTrelloCard */ = {
			isa = PBXGroup;
			children = (
				F9AB867A2107671C002A816C /* Data */,
				F91F5FBE20FBE8DB000AB56E /* Domain */,
				F91F5FBD20FBE8CE000AB56E /* Presentation */,
				F91F5FA920FAAA4F000AB56E /* AppDelegate.swift */,
				F91F5FAD20FAAA50000AB56E /* Assets.xcassets */,
				049F8658210BC243002CE238 /* Secret.plist */,
				F91F5FB220FAAA50000AB56E /* Info.plist */,
				F91F5FB320FAAA50000AB56E /* MyTrelloCard.entitlements */,
			);
			path = MyTrelloCard;
			sourceTree = "<group>";
		};
		F91F5FBD20FBE8CE000AB56E /* Presentation */ = {
			isa = PBXGroup;
			children = (
				049F867A210FB4A1002CE238 /* Card */,
				049F8679210FB478002CE238 /* MainWindow */,
				F91F5FAF20FAAA50000AB56E /* Main.storyboard */,
				F91F5FBB20FBE62B000AB56E /* EventMonitor.swift */,
			);
			path = Presentation;
			sourceTree = "<group>";
		};
		F91F5FBE20FBE8DB000AB56E /* Domain */ = {
			isa = PBXGroup;
			children = (
				F91F5FD1210536A0000AB56E /* Gateways */,
				F91F5FC9210528C2000AB56E /* UseCases */,
				F91F5FC6210527A3000AB56E /* Entities */,
			);
			path = Domain;
			sourceTree = "<group>";
		};
		F91F5FC6210527A3000AB56E /* Entities */ = {
			isa = PBXGroup;
			children = (
				F91F5FC7210527D3000AB56E /* Board.swift */,
				049F865D210CBAAC002CE238 /* List.swift */,
				049F866B210E1643002CE238 /* Card.swift */,
			);
			path = Entities;
			sourceTree = "<group>";
		};
		F91F5FC9210528C2000AB56E /* UseCases */ = {
			isa = PBXGroup;
			children = (
				F91F5FCA210528D2000AB56E /* Result.swift */,
				F91F5FCC21052B9D000AB56E /* GetBoards.swift */,
				049F8663210CC215002CE238 /* GetLists.swift */,
				049F866D210E1682002CE238 /* GetFirstCard.swift */,
			);
			path = UseCases;
			sourceTree = "<group>";
		};
		F91F5FD1210536A0000AB56E /* Gateways */ = {
			isa = PBXGroup;
			children = (
				F91F5FD2210536EE000AB56E /* BoardsGateway.swift */,
				049F865F210CBD07002CE238 /* ListsGateway.swift */,
				049F866F210E173A002CE238 /* CardGateway.swift */,
			);
			path = Gateways;
			sourceTree = "<group>";
		};
		F9AB867A2107671C002A816C /* Data */ = {
			isa = PBXGroup;
			children = (
				F9AB867B210768D7002A816C /* API */,
			);
			path = Data;
			sourceTree = "<group>";
		};
		F9AB867B210768D7002A816C /* API */ = {
			isa = PBXGroup;
			children = (
				049F865A210BC57F002CE238 /* Helpers */,
				F9AB867E210768F3002A816C /* Requests */,
				F9AB867D210768EC002A816C /* Gateways */,
				F9AB867C210768E1002A816C /* Entities */,
				F9AB867F21076942002A816C /* ApiClient.swift */,
				F9AB868121076A18002A816C /* ApiResponse.swift */,
				F9AB868321076A5D002A816C /* JSON.swift */,
			);
			path = API;
			sourceTree = "<group>";
		};
		F9AB867C210768E1002A816C /* Entities */ = {
			isa = PBXGroup;
			children = (
				F9AB868521076ABE002A816C /* APIBoard.swift */,
				049F8667210CC509002CE238 /* APIList.swift */,
				049F8671210E1791002CE238 /* APICard.swift */,
			);
			path = Entities;
			sourceTree = "<group>";
		};
		F9AB867D210768EC002A816C /* Gateways */ = {
			isa = PBXGroup;
			children = (
				F9AB8689210771D4002A816C /* ApiBoardsGateway.swift */,
				049F8669210CC553002CE238 /* ApiListsGateway.swift */,
				049F8675210E1897002CE238 /* ApiCardGateway.swift */,
			);
			path = Gateways;
			sourceTree = "<group>";
		};
		F9AB867E210768F3002A816C /* Requests */ = {
			isa = PBXGroup;
			children = (
				F9AB868721076F3C002A816C /* GetBoardsApiRequest.swift */,
				F9D50623210B716D006B472A /* URLWithKeyAndToken.swift */,
				049F8665210CC38C002CE238 /* GetListsApiRequest.swift */,
				049F8673210E17DA002CE238 /* GetCardsApiRequest.swift */,
			);
			path = Requests;
			sourceTree = "<group>";
		};
/* End PBXGroup section */

/* Begin PBXNativeTarget section */
		F91F5FA520FAAA4F000AB56E /* MyTrelloCard */ = {
			isa = PBXNativeTarget;
			buildConfigurationList = F91F5FB620FAAA50000AB56E /* Build configuration list for PBXNativeTarget "MyTrelloCard" */;
			buildPhases = (
				F91F5FA220FAAA4F000AB56E /* Sources */,
				F91F5FA320FAAA4F000AB56E /* Frameworks */,
				F91F5FA420FAAA4F000AB56E /* Resources */,
			);
			buildRules = (
			);
			dependencies = (
			);
			name = MyTrelloCard;
			productName = MyTrelloCard;
			productReference = F91F5FA620FAAA4F000AB56E /* MyTrelloCard.app */;
			productType = "com.apple.product-type.application";
		};
/* End PBXNativeTarget section */

/* Begin PBXProject section */
		F91F5F9E20FAAA4F000AB56E /* Project object */ = {
			isa = PBXProject;
			attributes = {
				LastSwiftUpdateCheck = 0940;
				LastUpgradeCheck = 0940;
				ORGANIZATIONNAME = "Aleix Balletbó";
				TargetAttributes = {
					F91F5FA520FAAA4F000AB56E = {
						CreatedOnToolsVersion = 9.4.1;
						SystemCapabilities = {
							com.apple.Sandbox = {
								enabled = 1;
							};
						};
					};
				};
			};
			buildConfigurationList = F91F5FA120FAAA4F000AB56E /* Build configuration list for PBXProject "MyTrelloCard" */;
			compatibilityVersion = "Xcode 9.3";
			developmentRegion = en;
			hasScannedForEncodings = 0;
			knownRegions = (
				en,
				Base,
			);
			mainGroup = F91F5F9D20FAAA4F000AB56E;
			productRefGroup = F91F5FA720FAAA4F000AB56E /* Products */;
			projectDirPath = "";
			projectRoot = "";
			targets = (
				F91F5FA520FAAA4F000AB56E /* MyTrelloCard */,
			);
		};
/* End PBXProject section */

/* Begin PBXResourcesBuildPhase section */
		F91F5FA420FAAA4F000AB56E /* Resources */ = {
			isa = PBXResourcesBuildPhase;
			buildActionMask = 2147483647;
			files = (
				049F8659210BC243002CE238 /* Secret.plist in Resources */,
				F91F5FAE20FAAA50000AB56E /* Assets.xcassets in Resources */,
				F91F5FB120FAAA50000AB56E /* Main.storyboard in Resources */,
				049F867C210FB4B0002CE238 /* CardView.xib in Resources */,
			);
			runOnlyForDeploymentPostprocessing = 0;
		};
/* End PBXResourcesBuildPhase section */

/* Begin PBXSourcesBuildPhase section */
		F91F5FA220FAAA4F000AB56E /* Sources */ = {
			isa = PBXSourcesBuildPhase;
			buildActionMask = 2147483647;
			files = (
				F9AB868021076942002A816C /* ApiClient.swift in Sources */,
				049F8670210E173A002CE238 /* CardGateway.swift in Sources */,
				F9AB868421076A5D002A816C /* JSON.swift in Sources */,
				049F866C210E1643002CE238 /* Card.swift in Sources */,
				049F8660210CBD07002CE238 /* ListsGateway.swift in Sources */,
				F91F5FC320FBFFC6000AB56E /* MainWindowConfigurator.swift in Sources */,
				F91F5FC120FBED31000AB56E /* MainWindowPresenter.swift in Sources */,
				F9AB868A210771D4002A816C /* ApiBoardsGateway.swift in Sources */,
				F91F5FBC20FBE62B000AB56E /* EventMonitor.swift in Sources */,
				049F867E210FB675002CE238 /* CardView.swift in Sources */,
				049F866A210CC553002CE238 /* ApiListsGateway.swift in Sources */,
				F9AB868621076ABE002A816C /* APIBoard.swift in Sources */,
				049F8676210E1897002CE238 /* ApiCardGateway.swift in Sources */,
				049F865C210BC594002CE238 /* Secret.swift in Sources */,
				049F8674210E17DA002CE238 /* GetCardsApiRequest.swift in Sources */,
				F91F5FD3210536EE000AB56E /* BoardsGateway.swift in Sources */,
				F91F5FCD21052B9D000AB56E /* GetBoards.swift in Sources */,
				049F866E210E1682002CE238 /* GetFirstCard.swift in Sources */,
				F9D50624210B716D006B472A /* URLWithKeyAndToken.swift in Sources */,
				F91F5FAA20FAAA4F000AB56E /* AppDelegate.swift in Sources */,
				F91F5FC8210527D3000AB56E /* Board.swift in Sources */,
				F91F5FC52105254E000AB56E /* MainWindowView.swift in Sources */,
				F9AB868821076F3C002A816C /* GetBoardsApiRequest.swift in Sources */,
				049F8664210CC215002CE238 /* GetLists.swift in Sources */,
				F9AB868221076A18002A816C /* ApiResponse.swift in Sources */,
				F91F5FCB210528D2000AB56E /* Result.swift in Sources */,
				049F8666210CC38C002CE238 /* GetListsApiRequest.swift in Sources */,
				049F8672210E1791002CE238 /* APICard.swift in Sources */,
				049F8668210CC509002CE238 /* APIList.swift in Sources */,
				049F865E210CBAAC002CE238 /* List.swift in Sources */,
				F91F5FBA20FAAE88000AB56E /* MainWindowViewController.swift in Sources */,
			);
			runOnlyForDeploymentPostprocessing = 0;
		};
/* End PBXSourcesBuildPhase section */

/* Begin PBXVariantGroup section */
		F91F5FAF20FAAA50000AB56E /* Main.storyboard */ = {
			isa = PBXVariantGroup;
			children = (
				F91F5FB020FAAA50000AB56E /* Base */,
			);
			name = Main.storyboard;
			sourceTree = "<group>";
		};
/* End PBXVariantGroup section */

/* Begin XCBuildConfiguration section */
		F91F5FB420FAAA50000AB56E /* Debug */ = {
			isa = XCBuildConfiguration;
			buildSettings = {
				ALWAYS_SEARCH_USER_PATHS = NO;
				CLANG_ANALYZER_NONNULL = YES;
				CLANG_ANALYZER_NUMBER_OBJECT_CONVERSION = YES_AGGRESSIVE;
				CLANG_CXX_LANGUAGE_STANDARD = "gnu++14";
				CLANG_CXX_LIBRARY = "libc++";
				CLANG_ENABLE_MODULES = YES;
				CLANG_ENABLE_OBJC_ARC = YES;
				CLANG_ENABLE_OBJC_WEAK = YES;
				CLANG_WARN_BLOCK_CAPTURE_AUTORELEASING = YES;
				CLANG_WARN_BOOL_CONVERSION = YES;
				CLANG_WARN_COMMA = YES;
				CLANG_WARN_CONSTANT_CONVERSION = YES;
				CLANG_WARN_DEPRECATED_OBJC_IMPLEMENTATIONS = YES;
				CLANG_WARN_DIRECT_OBJC_ISA_USAGE = YES_ERROR;
				CLANG_WARN_DOCUMENTATION_COMMENTS = YES;
				CLANG_WARN_EMPTY_BODY = YES;
				CLANG_WARN_ENUM_CONVERSION = YES;
				CLANG_WARN_INFINITE_RECURSION = YES;
				CLANG_WARN_INT_CONVERSION = YES;
				CLANG_WARN_NON_LITERAL_NULL_CONVERSION = YES;
				CLANG_WARN_OBJC_IMPLICIT_RETAIN_SELF = YES;
				CLANG_WARN_OBJC_LITERAL_CONVERSION = YES;
				CLANG_WARN_OBJC_ROOT_CLASS = YES_ERROR;
				CLANG_WARN_RANGE_LOOP_ANALYSIS = YES;
				CLANG_WARN_STRICT_PROTOTYPES = YES;
				CLANG_WARN_SUSPICIOUS_MOVE = YES;
				CLANG_WARN_UNGUARDED_AVAILABILITY = YES_AGGRESSIVE;
				CLANG_WARN_UNREACHABLE_CODE = YES;
				CLANG_WARN__DUPLICATE_METHOD_MATCH = YES;
				CODE_SIGN_IDENTITY = "Mac Developer";
				COPY_PHASE_STRIP = NO;
				DEBUG_INFORMATION_FORMAT = dwarf;
				ENABLE_STRICT_OBJC_MSGSEND = YES;
				ENABLE_TESTABILITY = YES;
				GCC_C_LANGUAGE_STANDARD = gnu11;
				GCC_DYNAMIC_NO_PIC = NO;
				GCC_NO_COMMON_BLOCKS = YES;
				GCC_OPTIMIZATION_LEVEL = 0;
				GCC_PREPROCESSOR_DEFINITIONS = (
					"DEBUG=1",
					"$(inherited)",
				);
				GCC_WARN_64_TO_32_BIT_CONVERSION = YES;
				GCC_WARN_ABOUT_RETURN_TYPE = YES_ERROR;
				GCC_WARN_UNDECLARED_SELECTOR = YES;
				GCC_WARN_UNINITIALIZED_AUTOS = YES_AGGRESSIVE;
				GCC_WARN_UNUSED_FUNCTION = YES;
				GCC_WARN_UNUSED_VARIABLE = YES;
				MACOSX_DEPLOYMENT_TARGET = 10.13;
				MTL_ENABLE_DEBUG_INFO = YES;
				ONLY_ACTIVE_ARCH = YES;
				SDKROOT = macosx;
				SWIFT_ACTIVE_COMPILATION_CONDITIONS = DEBUG;
				SWIFT_OPTIMIZATION_LEVEL = "-Onone";
			};
			name = Debug;
		};
		F91F5FB520FAAA50000AB56E /* Release */ = {
			isa = XCBuildConfiguration;
			buildSettings = {
				ALWAYS_SEARCH_USER_PATHS = NO;
				CLANG_ANALYZER_NONNULL = YES;
				CLANG_ANALYZER_NUMBER_OBJECT_CONVERSION = YES_AGGRESSIVE;
				CLANG_CXX_LANGUAGE_STANDARD = "gnu++14";
				CLANG_CXX_LIBRARY = "libc++";
				CLANG_ENABLE_MODULES = YES;
				CLANG_ENABLE_OBJC_ARC = YES;
				CLANG_ENABLE_OBJC_WEAK = YES;
				CLANG_WARN_BLOCK_CAPTURE_AUTORELEASING = YES;
				CLANG_WARN_BOOL_CONVERSION = YES;
				CLANG_WARN_COMMA = YES;
				CLANG_WARN_CONSTANT_CONVERSION = YES;
				CLANG_WARN_DEPRECATED_OBJC_IMPLEMENTATIONS = YES;
				CLANG_WARN_DIRECT_OBJC_ISA_USAGE = YES_ERROR;
				CLANG_WARN_DOCUMENTATION_COMMENTS = YES;
				CLANG_WARN_EMPTY_BODY = YES;
				CLANG_WARN_ENUM_CONVERSION = YES;
				CLANG_WARN_INFINITE_RECURSION = YES;
				CLANG_WARN_INT_CONVERSION = YES;
				CLANG_WARN_NON_LITERAL_NULL_CONVERSION = YES;
				CLANG_WARN_OBJC_IMPLICIT_RETAIN_SELF = YES;
				CLANG_WARN_OBJC_LITERAL_CONVERSION = YES;
				CLANG_WARN_OBJC_ROOT_CLASS = YES_ERROR;
				CLANG_WARN_RANGE_LOOP_ANALYSIS = YES;
				CLANG_WARN_STRICT_PROTOTYPES = YES;
				CLANG_WARN_SUSPICIOUS_MOVE = YES;
				CLANG_WARN_UNGUARDED_AVAILABILITY = YES_AGGRESSIVE;
				CLANG_WARN_UNREACHABLE_CODE = YES;
				CLANG_WARN__DUPLICATE_METHOD_MATCH = YES;
				CODE_SIGN_IDENTITY = "Mac Developer";
				COPY_PHASE_STRIP = NO;
				DEBUG_INFORMATION_FORMAT = "dwarf-with-dsym";
				ENABLE_NS_ASSERTIONS = NO;
				ENABLE_STRICT_OBJC_MSGSEND = YES;
				GCC_C_LANGUAGE_STANDARD = gnu11;
				GCC_NO_COMMON_BLOCKS = YES;
				GCC_WARN_64_TO_32_BIT_CONVERSION = YES;
				GCC_WARN_ABOUT_RETURN_TYPE = YES_ERROR;
				GCC_WARN_UNDECLARED_SELECTOR = YES;
				GCC_WARN_UNINITIALIZED_AUTOS = YES_AGGRESSIVE;
				GCC_WARN_UNUSED_FUNCTION = YES;
				GCC_WARN_UNUSED_VARIABLE = YES;
				MACOSX_DEPLOYMENT_TARGET = 10.13;
				MTL_ENABLE_DEBUG_INFO = NO;
				SDKROOT = macosx;
				SWIFT_COMPILATION_MODE = wholemodule;
				SWIFT_OPTIMIZATION_LEVEL = "-O";
			};
			name = Release;
		};
		F91F5FB720FAAA50000AB56E /* Debug */ = {
			isa = XCBuildConfiguration;
			buildSettings = {
				ASSETCATALOG_COMPILER_APPICON_NAME = AppIcon;
				CODE_SIGN_ENTITLEMENTS = MyTrelloCard/MyTrelloCard.entitlements;
				CODE_SIGN_STYLE = Automatic;
				COMBINE_HIDPI_IMAGES = YES;
				DEVELOPMENT_TEAM = XS5T22V8E4;
				INFOPLIST_FILE = MyTrelloCard/Info.plist;
				LD_RUNPATH_SEARCH_PATHS = (
					"$(inherited)",
					"@executable_path/../Frameworks",
				);
				PRODUCT_BUNDLE_IDENTIFIER = com.aleixballetbo.MyTrelloCard;
				PRODUCT_NAME = "$(TARGET_NAME)";
				SWIFT_VERSION = 4.0;
			};
			name = Debug;
		};
		F91F5FB820FAAA50000AB56E /* Release */ = {
			isa = XCBuildConfiguration;
			buildSettings = {
				ASSETCATALOG_COMPILER_APPICON_NAME = AppIcon;
				CODE_SIGN_ENTITLEMENTS = MyTrelloCard/MyTrelloCard.entitlements;
				CODE_SIGN_STYLE = Automatic;
				COMBINE_HIDPI_IMAGES = YES;
				DEVELOPMENT_TEAM = XS5T22V8E4;
				INFOPLIST_FILE = MyTrelloCard/Info.plist;
				LD_RUNPATH_SEARCH_PATHS = (
					"$(inherited)",
					"@executable_path/../Frameworks",
				);
				PRODUCT_BUNDLE_IDENTIFIER = com.aleixballetbo.MyTrelloCard;
				PRODUCT_NAME = "$(TARGET_NAME)";
				SWIFT_VERSION = 4.0;
			};
			name = Release;
		};
/* End XCBuildConfiguration section */

/* Begin XCConfigurationList section */
		F91F5FA120FAAA4F000AB56E /* Build configuration list for PBXProject "MyTrelloCard" */ = {
			isa = XCConfigurationList;
			buildConfigurations = (
				F91F5FB420FAAA50000AB56E /* Debug */,
				F91F5FB520FAAA50000AB56E /* Release */,
			);
			defaultConfigurationIsVisible = 0;
			defaultConfigurationName = Release;
		};
		F91F5FB620FAAA50000AB56E /* Build configuration list for PBXNativeTarget "MyTrelloCard" */ = {
			isa = XCConfigurationList;
			buildConfigurations = (
				F91F5FB720FAAA50000AB56E /* Debug */,
				F91F5FB820FAAA50000AB56E /* Release */,
			);
			defaultConfigurationIsVisible = 0;
			defaultConfigurationName = Release;
		};
/* End XCConfigurationList section */
	};
	rootObject = F91F5F9E20FAAA4F000AB56E /* Project object */;
}
